
Microsoft Visual Studio Solution File, Format Version 12.00
# Visual Studio Version 17
VisualStudioVersion = 17.14.36301.6 d17.14
MinimumVisualStudioVersion = 10.0.40219.1
Project("{FAE04EC0-301F-11D3-BF4B-00C04F79EFBC}") = "ProyectoFinalPre104", "ProyectoFinalPre104\ProyectoFinalPre104.csproj", "{36DCEB2A-B6A3-4400-8F23-8667A4803B6A}"
EndProject
Global
	GlobalSection(SolutionConfigurationPlatforms) = preSolution
		Debug|Any CPU = Debug|Any CPU
		Release|Any CPU = Release|Any CPU
	EndGlobalSection
	GlobalSection(ProjectConfigurationPlatforms) = postSolution
		{36DCEB2A-B6A3-4400-8F23-8667A4803B6A}.Debug|Any CPU.ActiveCfg = Debug|Any CPU
		{36DCEB2A-B6A3-4400-8F23-8667A4803B6A}.Debug|Any CPU.Build.0 = Debug|Any CPU
		{36DCEB2A-B6A3-4400-8F23-8667A4803B6A}.Release|Any CPU.ActiveCfg = Release|Any CPU
		{36DCEB2A-B6A3-4400-8F23-8667A4803B6A}.Release|Any CPU.Build.0 = Release|Any CPU
	EndGlobalSection
	GlobalSection(SolutionProperties) = preSolution
		HideSolutionNode = FALSE
	EndGlobalSection
	GlobalSection(ExtensibilityGlobals) = postSolution
		SolutionGuid = {BDF555C7-FAF1-4C7A-AFF1-D26B5B9F2DC4}
	EndGlobalSection
EndGlobal
